
Microsoft Visual Studio Solution File, Format Version 12.00
# Visual Studio 2013
VisualStudioVersion = 12.0.40629.0
MinimumVisualStudioVersion = 10.0.40219.1
Project("{FAE04EC0-301F-11D3-BF4B-00C04F79EFBC}") = "AutoRent", "AutoRent\AutoRent.csproj", "{06772EC6-0E04-4FA6-A3D1-7D24EFC98803}"
EndProject
Project("{FAE04EC0-301F-11D3-BF4B-00C04F79EFBC}") = "AutoRent.Tests", "AutoRent.Tests\AutoRent.Tests.csproj", "{18BD8371-6030-495F-B826-56E6E08C4AE1}"
EndProject
Global
	GlobalSection(SolutionConfigurationPlatforms) = preSolution
		Debug|Any CPU = Debug|Any CPU
		Release|Any CPU = Release|Any CPU
	EndGlobalSection
	GlobalSection(ProjectConfigurationPlatforms) = postSolution
		{06772EC6-0E04-4FA6-A3D1-7D24EFC98803}.Debug|Any CPU.ActiveCfg = Debug|Any CPU
		{06772EC6-0E04-4FA6-A3D1-7D24EFC98803}.Debug|Any CPU.Build.0 = Debug|Any CPU
		{06772EC6-0E04-4FA6-A3D1-7D24EFC98803}.Release|Any CPU.ActiveCfg = Release|Any CPU
		{06772EC6-0E04-4FA6-A3D1-7D24EFC98803}.Release|Any CPU.Build.0 = Release|Any CPU
		{18BD8371-6030-495F-B826-56E6E08C4AE1}.Debug|Any CPU.ActiveCfg = Debug|Any CPU
		{18BD8371-6030-495F-B826-56E6E08C4AE1}.Debug|Any CPU.Build.0 = Debug|Any CPU
		{18BD8371-6030-495F-B826-56E6E08C4AE1}.Release|Any CPU.ActiveCfg = Release|Any CPU
		{18BD8371-6030-495F-B826-56E6E08C4AE1}.Release|Any CPU.Build.0 = Release|Any CPU
	EndGlobalSection
	GlobalSection(SolutionProperties) = preSolution
		HideSolutionNode = FALSE
	EndGlobalSection
EndGlobal
